{
  "name": "RockTimer",
  "version": "0.1.0",
  "lockfileVersion": 1,
  "requires": true,
  "dependencies": {
    "react-native-keep-awake": {
      "version": "2.0.6",
      "resolved": "https://registry.npmjs.org/react-native-keep-awake/-/react-native-keep-awake-2.0.6.tgz",
      "integrity": "sha512-ketZKC6G49W4iblKYCnIA5Tcx78Yu48n/K5XzZUnMm69wAnZxs1054Re2V5xpSwX5VZasOBjW1iI1cTjtB/H5g=="
    }
  }
}
